
Microsoft Visual Studio Solution File, Format Version 12.00
# Visual Studio Version 17
VisualStudioVersion = 17.5.33516.290
MinimumVisualStudioVersion = 10.0.40219.1
Project("{9A19103F-16F7-4668-BE54-9A1E7A4F7556}") = "gptask", "gptask\gptask.csproj", "{F624F7A9-C1AC-488E-A3A3-6E4CD2A2A9FC}"
EndProject
Project("{9A19103F-16F7-4668-BE54-9A1E7A4F7556}") = "GPTTextCompletions", "GPTTextCompletions\GPTTextCompletions.csproj", "{15F1C43C-7219-4900-82CB-5D20D4937570}"
EndProject
Project("{FAE04EC0-301F-11D3-BF4B-00C04F79EFBC}") = "GptTests", "GptTests\GptTests.csproj", "{CC564621-4539-436B-A930-DC26767C2CBF}"
EndProject
Global
	GlobalSection(SolutionConfigurationPlatforms) = preSolution
		Debug|Any CPU = Debug|Any CPU
		Release|Any CPU = Release|Any CPU
	EndGlobalSection
	GlobalSection(ProjectConfigurationPlatforms) = postSolution
		{F624F7A9-C1AC-488E-A3A3-6E4CD2A2A9FC}.Debug|Any CPU.ActiveCfg = Debug|Any CPU
		{F624F7A9-C1AC-488E-A3A3-6E4CD2A2A9FC}.Debug|Any CPU.Build.0 = Debug|Any CPU
		{F624F7A9-C1AC-488E-A3A3-6E4CD2A2A9FC}.Release|Any CPU.ActiveCfg = Release|Any CPU
		{F624F7A9-C1AC-488E-A3A3-6E4CD2A2A9FC}.Release|Any CPU.Build.0 = Release|Any CPU
		{15F1C43C-7219-4900-82CB-5D20D4937570}.Debug|Any CPU.ActiveCfg = Debug|Any CPU
		{15F1C43C-7219-4900-82CB-5D20D4937570}.Debug|Any CPU.Build.0 = Debug|Any CPU
		{15F1C43C-7219-4900-82CB-5D20D4937570}.Release|Any CPU.ActiveCfg = Release|Any CPU
		{15F1C43C-7219-4900-82CB-5D20D4937570}.Release|Any CPU.Build.0 = Release|Any CPU
		{CC564621-4539-436B-A930-DC26767C2CBF}.Debug|Any CPU.ActiveCfg = Debug|Any CPU
		{CC564621-4539-436B-A930-DC26767C2CBF}.Debug|Any CPU.Build.0 = Debug|Any CPU
		{CC564621-4539-436B-A930-DC26767C2CBF}.Release|Any CPU.ActiveCfg = Release|Any CPU
		{CC564621-4539-436B-A930-DC26767C2CBF}.Release|Any CPU.Build.0 = Release|Any CPU
	EndGlobalSection
	GlobalSection(SolutionProperties) = preSolution
		HideSolutionNode = FALSE
	EndGlobalSection
	GlobalSection(ExtensibilityGlobals) = postSolution
		SolutionGuid = {FF49D20E-D8D4-4835-AC23-4480AEAE2F39}
	EndGlobalSection
EndGlobal
